
Microsoft Visual Studio Solution File, Format Version 12.00
# Visual Studio Version 16
VisualStudioVersion = 16.0.30804.86
MinimumVisualStudioVersion = 10.0.40219.1
Project("{FAE04EC0-301F-11D3-BF4B-00C04F79EFBC}") = "Gifter", "Gifter\Gifter.csproj", "{1E0F7BBC-D5E6-45C6-94AD-FFA32DA75112}"
EndProject
Global
	GlobalSection(SolutionConfigurationPlatforms) = preSolution
		Debug|Any CPU = Debug|Any CPU
		Release|Any CPU = Release|Any CPU
	EndGlobalSection
	GlobalSection(ProjectConfigurationPlatforms) = postSolution
		{1E0F7BBC-D5E6-45C6-94AD-FFA32DA75112}.Debug|Any CPU.ActiveCfg = Debug|Any CPU
		{1E0F7BBC-D5E6-45C6-94AD-FFA32DA75112}.Debug|Any CPU.Build.0 = Debug|Any CPU
		{1E0F7BBC-D5E6-45C6-94AD-FFA32DA75112}.Release|Any CPU.ActiveCfg = Release|Any CPU
		{1E0F7BBC-D5E6-45C6-94AD-FFA32DA75112}.Release|Any CPU.Build.0 = Release|Any CPU
	EndGlobalSection
	GlobalSection(SolutionProperties) = preSolution
		HideSolutionNode = FALSE
	EndGlobalSection
	GlobalSection(ExtensibilityGlobals) = postSolution
		SolutionGuid = {E531FFF4-B10D-49C2-B795-F0B861785B2C}
	EndGlobalSection
EndGlobal
